{"version": 4, "terraform_version": "1.13.0", "serial": 1, "lineage": "22fa38a9-48b6-4560-926b-eff08bb062f4", "outputs": {}, "resources": [{"mode": "managed", "type": "aws_lambda_function", "name": "dev_api", "provider": "provider[\"registry.terraform.io/hashicorp/aws\"]", "instances": [{"schema_version": 0, "attributes": {"tags": {"Environment": "dev"}, "tags_all": {"Environment": "dev"}, "id": "dev-api", "function_name": "dev-api", "role": "arn:aws:iam::123456789012:role/demo", "filename": "lambda.zip", "handler": "index.handler", "runtime": "python3.12", "memory_size": 512, "timeout": 3, "architectures": ["x86_64"], "package_type": "Zip", "publish": false, "reserved_concurrent_executions": -1, "skip_destroy": false, "source_code_size": 100, "last_modified": "2026-09-17T00:00:00.000+0000", "version": "$LATEST", "arn": "arn:aws:lambda:ap-south-1:123456789012:function:dev-api", "logging_config": [{"log_format": "Text", "log_group": "/aws/lambda/dev-api", "application_log_level": "", "system_log_level": ""}], "ephemeral_storage": [{"size": 512}], "tracing_config": [{"mode": "PassThrough"}]}, "sensitive_attributes": []}]}, {"mode": "managed", "type": "aws_security_group", "name": "api", "provider": "provider[\"registry.terraform.io/hashicorp/aws\"]", "instances": [{"schema_version": 1, "attributes": {"tags": {"Environment": "dev"}, "tags_all": {"Environment": "dev"}, "id": "sg-12345678", "name": "dev-api", "description": "Demo security group", "vpc_id": "vpc-12345678", "ingress": [], "egress": [], "revoke_rules_on_delete": false}, "sensitive_attributes": []}]}, {"mode": "managed", "type": "aws_s3_bucket", "name": "assets", "provider": "provider[\"registry.terraform.io/hashicorp/aws\"]", "instances": [{"schema_version": 0, "attributes": {"tags": {"Environment": "dev"}, "tags_all": {"Environment": "dev"}, "id": "planreview-demo-assets", "bucket": "planreview-demo-assets", "force_destroy": false}, "sensitive_attributes": []}]}, {"mode": "managed", "type": "aws_s3_bucket_public_access_block", "name": "assets", "provider": "provider[\"registry.terraform.io/hashicorp/aws\"]", "instances": [{"schema_version": 0, "attributes": {"id": "planreview-demo-assets", "bucket": "planreview-demo-assets", "block_public_acls": true, "block_public_policy": true, "ignore_public_acls": true, "restrict_public_buckets": true}, "sensitive_attributes": []}]}]}